
Microsoft Visual Studio Solution File, Format Version 12.00
# Visual Studio Version 17
VisualStudioVersion = 17.4.33110.190
MinimumVisualStudioVersion = 10.0.40219.1
Project("{FAE04EC0-301F-11D3-BF4B-00C04F79EFBC}") = "TravelPlaner", "TravelPlaner.csproj", "{87365AC8-9992-41BD-96D5-BB2827C143F7}"
EndProject
Global
	GlobalSection(SolutionConfigurationPlatforms) = preSolution
		Debug|Any CPU = Debug|Any CPU
		Release|Any CPU = Release|Any CPU
	EndGlobalSection
	GlobalSection(ProjectConfigurationPlatforms) = postSolution
		{87365AC8-9992-41BD-96D5-BB2827C143F7}.Debug|Any CPU.ActiveCfg = Debug|Any CPU
		{87365AC8-9992-41BD-96D5-BB2827C143F7}.Debug|Any CPU.Build.0 = Debug|Any CPU
		{87365AC8-9992-41BD-96D5-BB2827C143F7}.Release|Any CPU.ActiveCfg = Release|Any CPU
		{87365AC8-9992-41BD-96D5-BB2827C143F7}.Release|Any CPU.Build.0 = Release|Any CPU
	EndGlobalSection
	GlobalSection(SolutionProperties) = preSolution
		HideSolutionNode = FALSE
	EndGlobalSection
	GlobalSection(ExtensibilityGlobals) = postSolution
		SolutionGuid = {9D869023-A7FB-4E4D-A14F-364FA41A88C6}
	EndGlobalSection
EndGlobal
